{
  "name": "extras",
  "version": "0.0.1",
  "lockfileVersion": 1,
  "requires": true,
  "dependencies": {
    "commander": {
      "version": "1.1.1",
      "resolved": "https://registry.npmjs.org/commander/-/commander-1.1.1.tgz",
      "integrity": "sha1-UNFlGGiuYOzP8KLZ80WVN2vGsEE=",
      "requires": {
        "keypress": "0.1.0"
      }
    },
    "error-provider": {
      "version": "0.0.6",
      "resolved": "https://registry.npmjs.org/error-provider/-/error-provider-0.0.6.tgz",
      "integrity": "sha1-N5NsenbIavrsdK8PJUK59b7jBrA="
    },
    "gfm": {
      "version": "0.0.1",
      "resolved": "https://registry.npmjs.org/gfm/-/gfm-0.0.1.tgz",
      "integrity": "sha1-KmRzznnOIS9UzDuvsSq9swj0U1o=",
      "requires": {
        "commander": "1.1.1",
        "error-provider": "0.0.6",
        "highlight.js": "7.3.0",
        "marked": "0.2.10"
      }
    },
    "highlight.js": {
      "version": "7.3.0",
      "resolved": "https://registry.npmjs.org/highlight.js/-/highlight.js-7.3.0.tgz",
      "integrity": "sha1-bF8PZOcHj2ZAK82/yJEQw/0bqZ8="
    },
    "keypress": {
      "version": "0.1.0",
      "resolved": "https://registry.npmjs.org/keypress/-/keypress-0.1.0.tgz",
      "integrity": "sha1-SjGI1CkbZrT2XtuZ+AaqmuKTWSo="
    },
    "marked": {
      "version": "0.2.10",
      "resolved": "https://registry.npmjs.org/marked/-/marked-0.2.10.tgz",
      "integrity": "sha1-1f1oJxyq5hxV0pHQe9UDTP9ec+4="
    }
  }
}
